
Microsoft Visual Studio Solution File, Format Version 12.00
# Visual Studio Version 17
VisualStudioVersion = 17.13.35806.99 d17.13
MinimumVisualStudioVersion = 10.0.40219.1
Project("{FAE04EC0-301F-11D3-BF4B-00C04F79EFBC}") = "LR2", "LR2\LR2.csproj", "{B307125B-CB35-4880-B317-A5F0131FBB97}"
EndProject
Global
	GlobalSection(SolutionConfigurationPlatforms) = preSolution
		Debug|Any CPU = Debug|Any CPU
		Release|Any CPU = Release|Any CPU
	EndGlobalSection
	GlobalSection(ProjectConfigurationPlatforms) = postSolution
		{B307125B-CB35-4880-B317-A5F0131FBB97}.Debug|Any CPU.ActiveCfg = Debug|Any CPU
		{B307125B-CB35-4880-B317-A5F0131FBB97}.Debug|Any CPU.Build.0 = Debug|Any CPU
		{B307125B-CB35-4880-B317-A5F0131FBB97}.Release|Any CPU.ActiveCfg = Release|Any CPU
		{B307125B-CB35-4880-B317-A5F0131FBB97}.Release|Any CPU.Build.0 = Release|Any CPU
	EndGlobalSection
	GlobalSection(SolutionProperties) = preSolution
		HideSolutionNode = FALSE
	EndGlobalSection
	GlobalSection(ExtensibilityGlobals) = postSolution
		SolutionGuid = {F55F2934-1DA8-455D-A66B-6A7045EE1C91}
	EndGlobalSection
EndGlobal
